
Microsoft Visual Studio Solution File, Format Version 12.00
# Visual Studio Version 17
VisualStudioVersion = 17.9.34622.214
MinimumVisualStudioVersion = 10.0.40219.1
Project("{FAE04EC0-301F-11D3-BF4B-00C04F79EFBC}") = "ConsoleAIApp", "ConsoleAIApp\ConsoleAIApp.csproj", "{1D33C028-EBD8-4AF7-8879-01CCF2FB91C5}"
EndProject
Global
	GlobalSection(SolutionConfigurationPlatforms) = preSolution
		Debug|Any CPU = Debug|Any CPU
		Release|Any CPU = Release|Any CPU
	EndGlobalSection
	GlobalSection(ProjectConfigurationPlatforms) = postSolution
		{1D33C028-EBD8-4AF7-8879-01CCF2FB91C5}.Debug|Any CPU.ActiveCfg = Debug|Any CPU
		{1D33C028-EBD8-4AF7-8879-01CCF2FB91C5}.Debug|Any CPU.Build.0 = Debug|Any CPU
		{1D33C028-EBD8-4AF7-8879-01CCF2FB91C5}.Release|Any CPU.ActiveCfg = Release|Any CPU
		{1D33C028-EBD8-4AF7-8879-01CCF2FB91C5}.Release|Any CPU.Build.0 = Release|Any CPU
	EndGlobalSection
	GlobalSection(SolutionProperties) = preSolution
		HideSolutionNode = FALSE
	EndGlobalSection
	GlobalSection(ExtensibilityGlobals) = postSolution
		SolutionGuid = {254F1E6E-C88E-44EC-8932-D97011EC6C73}
	EndGlobalSection
EndGlobal
